// !$*UTF8*$!
{
	archiveVersion = 1;
	classes = {
	};
	objectVersion = 50;
	objects = {

/* Begin PBXBuildFile section */
		FAD4542624FA7FEB0049136B /* AppDelegate.m in Sources */ = {isa = PBXBuildFile; fileRef = FAD4542524FA7FEB0049136B /* AppDelegate.m */; };
		FAD4542924FA7FEB0049136B /* SceneDelegate.m in Sources */ = {isa = PBXBuildFile; fileRef = FAD4542824FA7FEB0049136B /* SceneDelegate.m */; };
		FAD4542F24FA7FEB0049136B /* Main.storyboard in Resources */ = {isa = PBXBuildFile; fileRef = FAD4542D24FA7FEB0049136B /* Main.storyboard */; };
		FAD4543124FA7FEB0049136B /* Assets.xcassets in Resources */ = {isa = PBXBuildFile; fileRef = FAD4543024FA7FEB0049136B /* Assets.xcassets */; };
		FAD4543424FA7FEB0049136B /* LaunchScreen.storyboard in Resources */ = {isa = PBXBuildFile; fileRef = FAD4543224FA7FEB0049136B /* LaunchScreen.storyboard */; };
		FAD4543724FA7FEB0049136B /* main.m in Sources */ = {isa = PBXBuildFile; fileRef = FAD4543624FA7FEB0049136B /* main.m */; };
/* End PBXBuildFile section */

/* Begin PBXFileReference section */
		FAD4542124FA7FEB0049136B /* iOSStaticTableView.app */ = {isa = PBXFileReference; explicitFileType = wrapper.application; includeInIndex = 0; path = iOSStaticTableView.app; sourceTree = BUILT_PRODUCTS_DIR; };
		FAD4542424FA7FEB0049136B /* AppDelegate.h */ = {isa = PBXFileReference; lastKnownFileType = sourcecode.c.h; path = AppDelegate.h; sourceTree = "<group>"; };
		FAD4542524FA7FEB0049136B /* AppDelegate.m */ = {isa = PBXFileReference; lastKnownFileType = sourcecode.c.objc; path = AppDelegate.m; sourceTree = "<group>"; };
		FAD4542724FA7FEB0049136B /* SceneDelegate.h */ = {isa = PBXFileReference; lastKnownFileType = sourcecode.c.h; path = SceneDelegate.h; sourceTree = "<group>"; };
		FAD4542824FA7FEB0049136B /* SceneDelegate.m */ = {isa = PBXFileReference; lastKnownFileType = sourcecode.c.objc; path = SceneDelegate.m; sourceTree = "<group>"; };
		FAD4542E24FA7FEB0049136B /* Base */ = {isa = PBXFileReference; lastKnownFileType = file.storyboard; name = Base; path = Base.lproj/Main.storyboard; sourceTree = "<group>"; };
		FAD4543024FA7FEB0049136B /* Assets.xcassets */ = {isa = PBXFileReference; lastKnownFileType = folder.assetcatalog; path = Assets.xcassets; sourceTree = "<group>"; };
		FAD4543324FA7FEB0049136B /* Base */ = {isa = PBXFileReference; lastKnownFileType = file.storyboard; name = Base; path = Base.lproj/LaunchScreen.storyboard; sourceTree = "<group>"; };
		FAD4543524FA7FEB0049136B /* Info.plist */ = {isa = PBXFileReference; lastKnownFileType = text.plist.xml; path = Info.plist; sourceTree = "<group>"; };
		FAD4543624FA7FEB0049136B /* main.m */ = {isa = PBXFileReference; lastKnownFileType = sourcecode.c.objc; path = main.m; sourceTree = "<group>"; };
/* End PBXFileReference section */

/* Begin PBXFrameworksBuildPhase section */
		FAD4541E24FA7FEB0049136B /* Frameworks */ = {
			isa = PBXFrameworksBuildPhase;
			buildActionMask = 2147483647;
			files = (
			);
			runOnlyForDeploymentPostprocessing = 0;
		};
/* End PBXFrameworksBuildPhase section */

/* Begin PBXGroup section */
		FAD4541824FA7FEB0049136B = {
			isa = PBXGroup;
			children = (
				FAD4542324FA7FEB0049136B /* iOSStaticTableView */,
				FAD4542224FA7FEB0049136B /* Products */,
			);
			sourceTree = "<group>";
		};
		FAD4542224FA7FEB0049136B /* Products */ = {
			isa = PBXGroup;
			children = (
				FAD4542124FA7FEB0049136B /* iOSStaticTableView.app */,
			);
			name = Products;
			sourceTree = "<group>";
		};
		FAD4542324FA7FEB0049136B /* iOSStaticTableView */ = {
			isa = PBXGroup;
			children = (
				FAD4542424FA7FEB0049136B /* AppDelegate.h */,
				FAD4542524FA7FEB0049136B /* AppDelegate.m */,
				FAD4542724FA7FEB0049136B /* SceneDelegate.h */,
				FAD4542824FA7FEB0049136B /* SceneDelegate.m */,
				FAD4542D24FA7FEB0049136B /* Main.storyboard */,
				FAD4543024FA7FEB0049136B /* Assets.xcassets */,
				FAD4543224FA7FEB0049136B /* LaunchScreen.storyboard */,
				FAD4543524FA7FEB0049136B /* Info.plist */,
				FAD4543624FA7FEB0049136B /* main.m */,
			);
			path = iOSStaticTableView;
			sourceTree = "<group>";
		};
/* End PBXGroup section */

/* Begin PBXNativeTarget section */
		FAD4542024FA7FEB0049136B /* iOSStaticTableView */ = {
			isa = PBXNativeTarget;
			buildConfigurationList = FAD4543A24FA7FEB0049136B /* Build configuration list for PBXNativeTarget "iOSStaticTableView" */;
			buildPhases = (
				FAD4541D24FA7FEB0049136B /* Sources */,
				FAD4541E24FA7FEB0049136B /* Frameworks */,
				FAD4541F24FA7FEB0049136B /* Resources */,
			);
			buildRules = (
			);
			dependencies = (
			);
			name = iOSStaticTableView;
			productName = iOSStaticTableView;
			productReference = FAD4542124FA7FEB0049136B /* iOSStaticTableView.app */;
			productType = "com.apple.product-type.application";
		};
/* End PBXNativeTarget section */

/* Begin PBXProject section */
		FAD4541924FA7FEB0049136B /* Project object */ = {
			isa = PBXProject;
			attributes = {
				LastUpgradeCheck = 1150;
				ORGANIZATIONNAME = alex;
				TargetAttributes = {
					FAD4542024FA7FEB0049136B = {
						CreatedOnToolsVersion = 11.5;
					};
				};
			};
			buildConfigurationList = FAD4541C24FA7FEB0049136B /* Build configuration list for PBXProject "iOSStaticTableView" */;
			compatibilityVersion = "Xcode 9.3";
			developmentRegion = en;
			hasScannedForEncodings = 0;
			knownRegions = (
				en,
				Base,
			);
			mainGroup = FAD4541824FA7FEB0049136B;
			productRefGroup = FAD4542224FA7FEB0049136B /* Products */;
			projectDirPath = "";
			projectRoot = "";
			targets = (
				FAD4542024FA7FEB0049136B /* iOSStaticTableView */,
			);
		};
/* End PBXProject section */

/* Begin PBXResourcesBuildPhase section */
		FAD4541F24FA7FEB0049136B /* Resources */ = {
			isa = PBXResourcesBuildPhase;
			buildActionMask = 2147483647;
			files = (
				FAD4543424FA7FEB0049136B /* LaunchScreen.storyboard in Resources */,
				FAD4543124FA7FEB0049136B /* Assets.xcassets in Resources */,
				FAD4542F24FA7FEB0049136B /* Main.storyboard in Resources */,
			);
			runOnlyForDeploymentPostprocessing = 0;
		};
/* End PBXResourcesBuildPhase section */

/* Begin PBXSourcesBuildPhase section */
		FAD4541D24FA7FEB0049136B /* Sources */ = {
			isa = PBXSourcesBuildPhase;
			buildActionMask = 2147483647;
			files = (
				FAD4542624FA7FEB0049136B /* AppDelegate.m in Sources */,
				FAD4543724FA7FEB0049136B /* main.m in Sources */,
				FAD4542924FA7FEB0049136B /* SceneDelegate.m in Sources */,
			);
			runOnlyForDeploymentPostprocessing = 0;
		};
/* End PBXSourcesBuildPhase section */

/* Begin PBXVariantGroup section */
		FAD4542D24FA7FEB0049136B /* Main.storyboard */ = {
			isa = PBXVariantGroup;
			children = (
				FAD4542E24FA7FEB0049136B /* Base */,
			);
			name = Main.storyboard;
			sourceTree = "<group>";
		};
		FAD4543224FA7FEB0049136B /* LaunchScreen.storyboard */ = {
			isa = PBXVariantGroup;
			children = (
				FAD4543324FA7FEB0049136B /* Base */,
			);
			name = LaunchScreen.storyboard;
			sourceTree = "<group>";
		};
/* End PBXVariantGroup section */

/* Begin XCBuildConfiguration section */
		FAD4543824FA7FEB0049136B /* Debug */ = {
			isa = XCBuildConfiguration;
			buildSettings = {
				ALWAYS_SEARCH_USER_PATHS = NO;
				CLANG_ANALYZER_NONNULL = YES;
				CLANG_ANALYZER_NUMBER_OBJECT_CONVERSION = YES_AGGRESSIVE;
				CLANG_CXX_LANGUAGE_STANDARD = "gnu++14";
				CLANG_CXX_LIBRARY = "libc++";
				CLANG_ENABLE_MODULES = YES;
				CLANG_ENABLE_OBJC_ARC = YES;
				CLANG_ENABLE_OBJC_WEAK = YES;
				CLANG_WARN_BLOCK_CAPTURE_AUTORELEASING = YES;
				CLANG_WARN_BOOL_CONVERSION = YES;
				CLANG_WARN_COMMA = YES;
				CLANG_WARN_CONSTANT_CONVERSION = YES;
				CLANG_WARN_DEPRECATED_OBJC_IMPLEMENTATIONS = YES;
				CLANG_WARN_DIRECT_OBJC_ISA_USAGE = YES_ERROR;
				CLANG_WARN_DOCUMENTATION_COMMENTS = YES;
				CLANG_WARN_EMPTY_BODY = YES;
				CLANG_WARN_ENUM_CONVERSION = YES;
				CLANG_WARN_INFINITE_RECURSION = YES;
				CLANG_WARN_INT_CONVERSION = YES;
				CLANG_WARN_NON_LITERAL_NULL_CONVERSION = YES;
				CLANG_WARN_OBJC_IMPLICIT_RETAIN_SELF = YES;
				CLANG_WARN_OBJC_LITERAL_CONVERSION = YES;
				CLANG_WARN_OBJC_ROOT_CLASS = YES_ERROR;
				CLANG_WARN_RANGE_LOOP_ANALYSIS = YES;
				CLANG_WARN_STRICT_PROTOTYPES = YES;
				CLANG_WARN_SUSPICIOUS_MOVE = YES;
				CLANG_WARN_UNGUARDED_AVAILABILITY = YES_AGGRESSIVE;
				CLANG_WARN_UNREACHABLE_CODE = YES;
				CLANG_WARN__DUPLICATE_METHOD_MATCH = YES;
				COPY_PHASE_STRIP = NO;
				DEBUG_INFORMATION_FORMAT = dwarf;
				ENABLE_STRICT_OBJC_MSGSEND = YES;
				ENABLE_TESTABILITY = YES;
				GCC_C_LANGUAGE_STANDARD = gnu11;
				GCC_DYNAMIC_NO_PIC = NO;
				GCC_NO_COMMON_BLOCKS = YES;
				GCC_OPTIMIZATION_LEVEL = 0;
				GCC_PREPROCESSOR_DEFINITIONS = (
					"DEBUG=1",
					"$(inherited)",
				);
				GCC_WARN_64_TO_32_BIT_CONVERSION = YES;
				GCC_WARN_ABOUT_RETURN_TYPE = YES_ERROR;
				GCC_WARN_UNDECLARED_SELECTOR = YES;
				GCC_WARN_UNINITIALIZED_AUTOS = YES_AGGRESSIVE;
				GCC_WARN_UNUSED_FUNCTION = YES;
				GCC_WARN_UNUSED_VARIABLE = YES;
				IPHONEOS_DEPLOYMENT_TARGET = 13.5;
				MTL_ENABLE_DEBUG_INFO = INCLUDE_SOURCE;
				MTL_FAST_MATH = YES;
				ONLY_ACTIVE_ARCH = YES;
				SDKROOT = iphoneos;
			};
			name = Debug;
		};
		FAD4543924FA7FEB0049136B /* Release */ = {
			isa = XCBuildConfiguration;
			buildSettings = {
				ALWAYS_SEARCH_USER_PATHS = NO;
				CLANG_ANALYZER_NONNULL = YES;
				CLANG_ANALYZER_NUMBER_OBJECT_CONVERSION = YES_AGGRESSIVE;
				CLANG_CXX_LANGUAGE_STANDARD = "gnu++14";
				CLANG_CXX_LIBRARY = "libc++";
				CLANG_ENABLE_MODULES = YES;
				CLANG_ENABLE_OBJC_ARC = YES;
				CLANG_ENABLE_OBJC_WEAK = YES;
				CLANG_WARN_BLOCK_CAPTURE_AUTORELEASING = YES;
				CLANG_WARN_BOOL_CONVERSION = YES;
				CLANG_WARN_COMMA = YES;
				CLANG_WARN_CONSTANT_CONVERSION = YES;
				CLANG_WARN_DEPRECATED_OBJC_IMPLEMENTATIONS = YES;
				CLANG_WARN_DIRECT_OBJC_ISA_USAGE = YES_ERROR;
				CLANG_WARN_DOCUMENTATION_COMMENTS = YES;
				CLANG_WARN_EMPTY_BODY = YES;
				CLANG_WARN_ENUM_CONVERSION = YES;
				CLANG_WARN_INFINITE_RECURSION = YES;
				CLANG_WARN_INT_CONVERSION = YES;
				CLANG_WARN_NON_LITERAL_NULL_CONVERSION = YES;
				CLANG_WARN_OBJC_IMPLICIT_RETAIN_SELF = YES;
				CLANG_WARN_OBJC_LITERAL_CONVERSION = YES;
				CLANG_WARN_OBJC_ROOT_CLASS = YES_ERROR;
				CLANG_WARN_RANGE_LOOP_ANALYSIS = YES;
				CLANG_WARN_STRICT_PROTOTYPES = YES;
				CLANG_WARN_SUSPICIOUS_MOVE = YES;
				CLANG_WARN_UNGUARDED_AVAILABILITY = YES_AGGRESSIVE;
				CLANG_WARN_UNREACHABLE_CODE = YES;
				CLANG_WARN__DUPLICATE_METHOD_MATCH = YES;
				COPY_PHASE_STRIP = NO;
				DEBUG_INFORMATION_FORMAT = "dwarf-with-dsym";
				ENABLE_NS_ASSERTIONS = NO;
				ENABLE_STRICT_OBJC_MSGSEND = YES;
				GCC_C_LANGUAGE_STANDARD = gnu11;
				GCC_NO_COMMON_BLOCKS = YES;
				GCC_WARN_64_TO_32_BIT_CONVERSION = YES;
				GCC_WARN_ABOUT_RETURN_TYPE = YES_ERROR;
				GCC_WARN_UNDECLARED_SELECTOR = YES;
				GCC_WARN_UNINITIALIZED_AUTOS = YES_AGGRESSIVE;
				GCC_WARN_UNUSED_FUNCTION = YES;
				GCC_WARN_UNUSED_VARIABLE = YES;
				IPHONEOS_DEPLOYMENT_TARGET = 13.5;
				MTL_ENABLE_DEBUG_INFO = NO;
				MTL_FAST_MATH = YES;
				SDKROOT = iphoneos;
				VALIDATE_PRODUCT = YES;
			};
			name = Release;
		};
		FAD4543B24FA7FEB0049136B /* Debug */ = {
			isa = XCBuildConfiguration;
			buildSettings = {
				ASSETCATALOG_COMPILER_APPICON_NAME = AppIcon;
				CODE_SIGN_STYLE = Automatic;
				INFOPLIST_FILE = iOSStaticTableView/Info.plist;
				LD_RUNPATH_SEARCH_PATHS = (
					"$(inherited)",
					"@executable_path/Frameworks",
				);
				PRODUCT_BUNDLE_IDENTIFIER = com.blueradix.aitclass.iOSStaticTableView;
				PRODUCT_NAME = "$(TARGET_NAME)";
				TARGETED_DEVICE_FAMILY = "1,2";
			};
			name = Debug;
		};
		FAD4543C24FA7FEB0049136B /* Release */ = {
			isa = XCBuildConfiguration;
			buildSettings = {
				ASSETCATALOG_COMPILER_APPICON_NAME = AppIcon;
				CODE_SIGN_STYLE = Automatic;
				INFOPLIST_FILE = iOSStaticTableView/Info.plist;
				LD_RUNPATH_SEARCH_PATHS = (
					"$(inherited)",
					"@executable_path/Frameworks",
				);
				PRODUCT_BUNDLE_IDENTIFIER = com.blueradix.aitclass.iOSStaticTableView;
				PRODUCT_NAME = "$(TARGET_NAME)";
				TARGETED_DEVICE_FAMILY = "1,2";
			};
			name = Release;
		};
/* End XCBuildConfiguration section */

/* Begin XCConfigurationList section */
		FAD4541C24FA7FEB0049136B /* Build configuration list for PBXProject "iOSStaticTableView" */ = {
			isa = XCConfigurationList;
			buildConfigurations = (
				FAD4543824FA7FEB0049136B /* Debug */,
				FAD4543924FA7FEB0049136B /* Release */,
			);
			defaultConfigurationIsVisible = 0;
			defaultConfigurationName = Release;
		};
		FAD4543A24FA7FEB0049136B /* Build configuration list for PBXNativeTarget "iOSStaticTableView" */ = {
			isa = XCConfigurationList;
			buildConfigurations = (
				FAD4543B24FA7FEB0049136B /* Debug */,
				FAD4543C24FA7FEB0049136B /* Release */,
			);
			defaultConfigurationIsVisible = 0;
			defaultConfigurationName = Release;
		};
/* End XCConfigurationList section */
	};
	rootObject = FAD4541924FA7FEB0049136B /* Project object */;
}
